
Microsoft Visual Studio Solution File, Format Version 12.00
# Visual Studio Version 16
VisualStudioVersion = 16.0.31105.61
MinimumVisualStudioVersion = 10.0.40219.1
Project("{888888A0-9F3D-457C-B088-3A5042F75D52}") = "IrisKNN", "IrisKNN.pyproj", "{51F3C4AB-D383-4BEF-9F84-8DA26441A2CC}"
EndProject
Global
	GlobalSection(SolutionConfigurationPlatforms) = preSolution
		Debug|Any CPU = Debug|Any CPU
		Release|Any CPU = Release|Any CPU
	EndGlobalSection
	GlobalSection(ProjectConfigurationPlatforms) = postSolution
		{51F3C4AB-D383-4BEF-9F84-8DA26441A2CC}.Debug|Any CPU.ActiveCfg = Debug|Any CPU
		{51F3C4AB-D383-4BEF-9F84-8DA26441A2CC}.Release|Any CPU.ActiveCfg = Release|Any CPU
	EndGlobalSection
	GlobalSection(SolutionProperties) = preSolution
		HideSolutionNode = FALSE
	EndGlobalSection
	GlobalSection(ExtensibilityGlobals) = postSolution
		SolutionGuid = {FED5C015-82BA-4648-B0A8-8AA4317110C8}
	EndGlobalSection
EndGlobal
