
Microsoft Visual Studio Solution File, Format Version 12.00
# Visual Studio Version 16
VisualStudioVersion = 16.0.31105.61
MinimumVisualStudioVersion = 10.0.40219.1
Project("{888888A0-9F3D-457C-B088-3A5042F75D52}") = "MPP3", "MPP3.pyproj", "{AE633B6F-4AEA-42A8-AE27-0F817A41E638}"
EndProject
Global
	GlobalSection(SolutionConfigurationPlatforms) = preSolution
		Debug|Any CPU = Debug|Any CPU
		Release|Any CPU = Release|Any CPU
	EndGlobalSection
	GlobalSection(ProjectConfigurationPlatforms) = postSolution
		{AE633B6F-4AEA-42A8-AE27-0F817A41E638}.Debug|Any CPU.ActiveCfg = Debug|Any CPU
		{AE633B6F-4AEA-42A8-AE27-0F817A41E638}.Release|Any CPU.ActiveCfg = Release|Any CPU
	EndGlobalSection
	GlobalSection(SolutionProperties) = preSolution
		HideSolutionNode = FALSE
	EndGlobalSection
	GlobalSection(ExtensibilityGlobals) = postSolution
		SolutionGuid = {94B148C2-AD52-4CE0-AD66-F78FF8AE0932}
	EndGlobalSection
EndGlobal
